<?xml version="1.0" encoding="utf-8"?>
<Project ToolsVersion="4.0" xmlns="http://schemas.microsoft.com/developer/msbuild/2003">
  <ItemGroup>
    <Filter Include="Source Files">
      <UniqueIdentifier>{4FC737F1-C7A5-4376-A066-2A32D752A2FF}</UniqueIdentifier>
      <Extensions>cpp;c;cc;cxx;c++;cppm;ixx;def;odl;idl;hpj;bat;asm;asmx</Extensions>
    </Filter>
    <Filter Include="Header Files">
      <UniqueIdentifier>{93995380-89BD-4b04-88EB-625FBE52EBFB}</UniqueIdentifier>
      <Extensions>h;hh;hpp;hxx;h++;hm;inl;inc;ipp;xsd</Extensions>
    </Filter>
    <Filter Include="Resource Files">
      <UniqueIdentifier>{67DA6AB6-F800-4c08-8B7A-83BB121AAD01}</UniqueIdentifier>
      <Extensions>rc;ico;cur;bmp;dlg;rc2;rct;bin;rgs;gif;jpg;jpeg;jpe;resx;tiff;tif;png;wav;mfcribbon-ms</Extensions>
    </Filter>
  </ItemGroup>
  <ItemGroup>
    <ClCompile Include="entry_point.cpp">
      <Filter>Source Files</Filter>
    </ClCompile>
    <ClCompile Include="common\string\qp_string.cpp">
      <Filter>Source Files</Filter>
    </ClCompile>
    <ClCompile Include="engine\core\qp_app.cpp">
      <Filter>Source Files</Filter>
    </ClCompile>
    <ClCompile Include="engine\platform\windows\window\qp_window_windows.cpp">
      <Filter>Source Files</Filter>
    </ClCompile>
    <ClCompile Include="engine\core\qp_windowed_app.cpp">
      <Filter>Source Files</Filter>
    </ClCompile>
    <ClCompile Include="engine\rendering\qp_vulkan.cpp">
      <Filter>Source Files</Filter>
    </ClCompile>
    <ClCompile Include="engine\debug\qp_debug.cpp">
      <Filter>Source Files</Filter>
    </ClCompile>
    <ClCompile Include="common\platform\windows\filesystem\qp_windows_file.cpp">
      <Filter>Source Files</Filter>
    </ClCompile>
  </ItemGroup>
  <ItemGroup>
    <ClInclude Include="common\string\qp_string.h">
      <Filter>Header Files</Filter>
    </ClInclude>
    <ClInclude Include="common\math\qp_math.h">
      <Filter>Header Files</Filter>
    </ClInclude>
    <ClInclude Include="common\debug\qp_debug.h">
      <Filter>Header Files</Filter>
    </ClInclude>
    <ClInclude Include="engine\core\qp_app.h">
      <Filter>Header Files</Filter>
    </ClInclude>
    <ClInclude Include="common\allocation\qp_allocation_util.h">
      <Filter>Header Files</Filter>
    </ClInclude>
    <ClInclude Include="common\core\qp_types.h">
      <Filter>Header Files</Filter>
    </ClInclude>
    <ClInclude Include="engine\window\qp_window.h">
      <Filter>Header Files</Filter>
    </ClInclude>
    <ClInclude Include="engine\core\qp_core.h">
      <Filter>Header Files</Filter>
    </ClInclude>
    <ClInclude Include="common\platform\windows\qp_windows.h">
      <Filter>Header Files</Filter>
    </ClInclude>
    <ClInclude Include="engine\platform\windows\window\qp_window_windows.h">
      <Filter>Header Files</Filter>
    </ClInclude>
    <ClInclude Include="common\core\qp_unique_ptr.h">
      <Filter>Header Files</Filter>
    </ClInclude>
    <ClInclude Include="common\core\qp_smart_pointers.h">
      <Filter>Header Files</Filter>
    </ClInclude>
    <ClInclude Include="common\core\qp_intrusive_ref_ptr.h">
      <Filter>Header Files</Filter>
    </ClInclude>
    <ClInclude Include="engine\core\qp_windowed_app.h">
      <Filter>Header Files</Filter>
    </ClInclude>
    <ClInclude Include="engine\rendering\qp_vulkan.h">
      <Filter>Header Files</Filter>
    </ClInclude>
    <ClInclude Include="common\containers\qp_list.h">
      <Filter>Header Files</Filter>
    </ClInclude>
    <ClInclude Include="common\containers\qp_array.h">
      <Filter>Header Files</Filter>
    </ClInclude>
    <ClInclude Include="common\core\qp_macros.h">
      <Filter>Header Files</Filter>
    </ClInclude>
    <ClInclude Include="common\containers\qp_array_view.h">
      <Filter>Header Files</Filter>
    </ClInclude>
    <ClInclude Include="engine\debug\qp_debug.h">
      <Filter>Header Files</Filter>
    </ClInclude>
    <ClInclude Include="common\utilities\qp_optional.h">
      <Filter>Header Files</Filter>
    </ClInclude>
    <ClInclude Include="common\containers\qp_set.h">
      <Filter>Header Files</Filter>
    </ClInclude>
    <ClInclude Include="common\utilities\qp_algorithms.h">
      <Filter>Header Files</Filter>
    </ClInclude>
    <ClInclude Include="common\filesystem\qp_filesystem.h">
      <Filter>Header Files</Filter>
    </ClInclude>
    <ClInclude Include="common\filesystem\qp_file.h">
      <Filter>Header Files</Filter>
    </ClInclude>
    <ClInclude Include="common\filesystem\qp_file_path.h">
      <Filter>Header Files</Filter>
    </ClInclude>
    <ClInclude Include="common\utilities\qp_function.h">
      <Filter>Header Files</Filter>
    </ClInclude>
    <ClInclude Include="common\utilities\qp_utility.h">
      <Filter>Header Files</Filter>
    </ClInclude>
  </ItemGroup>
  <ItemGroup>
    <None Include="shaders\shader.vert" />
    <None Include="shaders\shader.frag" />
  </ItemGroup>
</Project>